
Microsoft Visual Studio Solution File, Format Version 12.00
# Visual Studio 15
VisualStudioVersion = 15.0.27130.2024
MinimumVisualStudioVersion = 10.0.40219.1
Project("{9A19103F-16F7-4668-BE54-9A1E7A4F7556}") = "AppSplashScreen", "AppSplashScreen\AppSplashScreen\AppSplashScreen.csproj", "{1998EE96-E144-45AF-B8AF-96017B0721C5}"
EndProject
Project("{FAE04EC0-301F-11D3-BF4B-00C04F79EFBC}") = "AppSplashScreen.iOS", "AppSplashScreen\AppSplashScreen.iOS\AppSplashScreen.iOS.csproj", "{33753DA9-4E8C-422A-B1B1-DC99231E2241}"
EndProject
Project("{FAE04EC0-301F-11D3-BF4B-00C04F79EFBC}") = "AppSplashScreen.Android", "AppSplashScreen\AppSplashScreen.Android\AppSplashScreen.Android.csproj", "{BDA2A9A2-DBE0-4355-AE47-0B90B68DAC2B}"
EndProject
Project("{FAE04EC0-301F-11D3-BF4B-00C04F79EFBC}") = "AppSplashScreen.UWP", "AppSplashScreen\AppSplashScreen.UWP\AppSplashScreen.UWP.csproj", "{3776961B-1A73-40E9-A180-F086EBC82FA9}"
EndProject
Global
	GlobalSection(SolutionConfigurationPlatforms) = preSolution
		Ad-Hoc|Any CPU = Ad-Hoc|Any CPU
		Ad-Hoc|ARM = Ad-Hoc|ARM
		Ad-Hoc|iPhone = Ad-Hoc|iPhone
		Ad-Hoc|iPhoneSimulator = Ad-Hoc|iPhoneSimulator
		Ad-Hoc|x64 = Ad-Hoc|x64
		Ad-Hoc|x86 = Ad-Hoc|x86
		AppStore|Any CPU = AppStore|Any CPU
		AppStore|ARM = AppStore|ARM
		AppStore|iPhone = AppStore|iPhone
		AppStore|iPhoneSimulator = AppStore|iPhoneSimulator
		AppStore|x64 = AppStore|x64
		AppStore|x86 = AppStore|x86
		Debug|Any CPU = Debug|Any CPU
		Debug|ARM = Debug|ARM
		Debug|iPhone = Debug|iPhone
		Debug|iPhoneSimulator = Debug|iPhoneSimulator
		Debug|x64 = Debug|x64
		Debug|x86 = Debug|x86
		Release|Any CPU = Release|Any CPU
		Release|ARM = Release|ARM
		Release|iPhone = Release|iPhone
		Release|iPhoneSimulator = Release|iPhoneSimulator
		Release|x64 = Release|x64
		Release|x86 = Release|x86
	EndGlobalSection
	GlobalSection(ProjectConfigurationPlatforms) = postSolution
		{1998EE96-E144-45AF-B8AF-96017B0721C5}.Ad-Hoc|Any CPU.ActiveCfg = Debug|Any CPU
		{1998EE96-E144-45AF-B8AF-96017B0721C5}.Ad-Hoc|Any CPU.Build.0 = Debug|Any CPU
		{1998EE96-E144-45AF-B8AF-96017B0721C5}.Ad-Hoc|ARM.ActiveCfg = Debug|Any CPU
		{1998EE96-E144-45AF-B8AF-96017B0721C5}.Ad-Hoc|ARM.Build.0 = Debug|Any CPU
		{1998EE96-E144-45AF-B8AF-96017B0721C5}.Ad-Hoc|iPhone.ActiveCfg = Debug|Any CPU
		{1998EE96-E144-45AF-B8AF-96017B0721C5}.Ad-Hoc|iPhone.Build.0 = Debug|Any CPU
		{1998EE96-E144-45AF-B8AF-96017B0721C5}.Ad-Hoc|iPhoneSimulator.ActiveCfg = Debug|Any CPU
		{1998EE96-E144-45AF-B8AF-96017B0721C5}.Ad-Hoc|iPhoneSimulator.Build.0 = Debug|Any CPU
		{1998EE96-E144-45AF-B8AF-96017B0721C5}.Ad-Hoc|x64.ActiveCfg = Debug|Any CPU
		{1998EE96-E144-45AF-B8AF-96017B0721C5}.Ad-Hoc|x64.Build.0 = Debug|Any CPU
		{1998EE96-E144-45AF-B8AF-96017B0721C5}.Ad-Hoc|x86.ActiveCfg = Debug|Any CPU
		{1998EE96-E144-45AF-B8AF-96017B0721C5}.Ad-Hoc|x86.Build.0 = Debug|Any CPU
		{1998EE96-E144-45AF-B8AF-96017B0721C5}.AppStore|Any CPU.ActiveCfg = Debug|Any CPU
		{1998EE96-E144-45AF-B8AF-96017B0721C5}.AppStore|Any CPU.Build.0 = Debug|Any CPU
		{1998EE96-E144-45AF-B8AF-96017B0721C5}.AppStore|ARM.ActiveCfg = Debug|Any CPU
		{1998EE96-E144-45AF-B8AF-96017B0721C5}.AppStore|ARM.Build.0 = Debug|Any CPU
		{1998EE96-E144-45AF-B8AF-96017B0721C5}.AppStore|iPhone.ActiveCfg = Debug|Any CPU
		{1998EE96-E144-45AF-B8AF-96017B0721C5}.AppStore|iPhone.Build.0 = Debug|Any CPU
		{1998EE96-E144-45AF-B8AF-96017B0721C5}.AppStore|iPhoneSimulator.ActiveCfg = Debug|Any CPU
		{1998EE96-E144-45AF-B8AF-96017B0721C5}.AppStore|iPhoneSimulator.Build.0 = Debug|Any CPU
		{1998EE96-E144-45AF-B8AF-96017B0721C5}.AppStore|x64.ActiveCfg = Debug|Any CPU
		{1998EE96-E144-45AF-B8AF-96017B0721C5}.AppStore|x64.Build.0 = Debug|Any CPU
		{1998EE96-E144-45AF-B8AF-96017B0721C5}.AppStore|x86.ActiveCfg = Debug|Any CPU
		{1998EE96-E144-45AF-B8AF-96017B0721C5}.AppStore|x86.Build.0 = Debug|Any CPU
		{1998EE96-E144-45AF-B8AF-96017B0721C5}.Debug|Any CPU.ActiveCfg = Debug|Any CPU
		{1998EE96-E144-45AF-B8AF-96017B0721C5}.Debug|Any CPU.Build.0 = Debug|Any CPU
		{1998EE96-E144-45AF-B8AF-96017B0721C5}.Debug|ARM.ActiveCfg = Debug|Any CPU
		{1998EE96-E144-45AF-B8AF-96017B0721C5}.Debug|ARM.Build.0 = Debug|Any CPU
		{1998EE96-E144-45AF-B8AF-96017B0721C5}.Debug|iPhone.ActiveCfg = Debug|Any CPU
		{1998EE96-E144-45AF-B8AF-96017B0721C5}.Debug|iPhone.Build.0 = Debug|Any CPU
		{1998EE96-E144-45AF-B8AF-96017B0721C5}.Debug|iPhoneSimulator.ActiveCfg = Debug|Any CPU
		{1998EE96-E144-45AF-B8AF-96017B0721C5}.Debug|iPhoneSimulator.Build.0 = Debug|Any CPU
		{1998EE96-E144-45AF-B8AF-96017B0721C5}.Debug|x64.ActiveCfg = Debug|Any CPU
		{1998EE96-E144-45AF-B8AF-96017B0721C5}.Debug|x64.Build.0 = Debug|Any CPU
		{1998EE96-E144-45AF-B8AF-96017B0721C5}.Debug|x86.ActiveCfg = Debug|Any CPU
		{1998EE96-E144-45AF-B8AF-96017B0721C5}.Debug|x86.Build.0 = Debug|Any CPU
		{1998EE96-E144-45AF-B8AF-96017B0721C5}.Release|Any CPU.ActiveCfg = Release|Any CPU
		{1998EE96-E144-45AF-B8AF-96017B0721C5}.Release|Any CPU.Build.0 = Release|Any CPU
		{1998EE96-E144-45AF-B8AF-96017B0721C5}.Release|ARM.ActiveCfg = Release|Any CPU
		{1998EE96-E144-45AF-B8AF-96017B0721C5}.Release|ARM.Build.0 = Release|Any CPU
		{1998EE96-E144-45AF-B8AF-96017B0721C5}.Release|iPhone.ActiveCfg = Release|Any CPU
		{1998EE96-E144-45AF-B8AF-96017B0721C5}.Release|iPhone.Build.0 = Release|Any CPU
		{1998EE96-E144-45AF-B8AF-96017B0721C5}.Release|iPhoneSimulator.ActiveCfg = Release|Any CPU
		{1998EE96-E144-45AF-B8AF-96017B0721C5}.Release|iPhoneSimulator.Build.0 = Release|Any CPU
		{1998EE96-E144-45AF-B8AF-96017B0721C5}.Release|x64.ActiveCfg = Release|Any CPU
		{1998EE96-E144-45AF-B8AF-96017B0721C5}.Release|x64.Build.0 = Release|Any CPU
		{1998EE96-E144-45AF-B8AF-96017B0721C5}.Release|x86.ActiveCfg = Release|Any CPU
		{1998EE96-E144-45AF-B8AF-96017B0721C5}.Release|x86.Build.0 = Release|Any CPU
		{33753DA9-4E8C-422A-B1B1-DC99231E2241}.Ad-Hoc|Any CPU.ActiveCfg = Ad-Hoc|iPhone
		{33753DA9-4E8C-422A-B1B1-DC99231E2241}.Ad-Hoc|ARM.ActiveCfg = Ad-Hoc|iPhone
		{33753DA9-4E8C-422A-B1B1-DC99231E2241}.Ad-Hoc|iPhone.ActiveCfg = Ad-Hoc|iPhone
		{33753DA9-4E8C-422A-B1B1-DC99231E2241}.Ad-Hoc|iPhone.Build.0 = Ad-Hoc|iPhone
		{33753DA9-4E8C-422A-B1B1-DC99231E2241}.Ad-Hoc|iPhoneSimulator.ActiveCfg = Ad-Hoc|iPhoneSimulator
		{33753DA9-4E8C-422A-B1B1-DC99231E2241}.Ad-Hoc|iPhoneSimulator.Build.0 = Ad-Hoc|iPhoneSimulator
		{33753DA9-4E8C-422A-B1B1-DC99231E2241}.Ad-Hoc|x64.ActiveCfg = Ad-Hoc|iPhone
		{33753DA9-4E8C-422A-B1B1-DC99231E2241}.Ad-Hoc|x86.ActiveCfg = Ad-Hoc|iPhone
		{33753DA9-4E8C-422A-B1B1-DC99231E2241}.AppStore|Any CPU.ActiveCfg = AppStore|iPhone
		{33753DA9-4E8C-422A-B1B1-DC99231E2241}.AppStore|ARM.ActiveCfg = AppStore|iPhone
		{33753DA9-4E8C-422A-B1B1-DC99231E2241}.AppStore|iPhone.ActiveCfg = AppStore|iPhone
		{33753DA9-4E8C-422A-B1B1-DC99231E2241}.AppStore|iPhone.Build.0 = AppStore|iPhone
		{33753DA9-4E8C-422A-B1B1-DC99231E2241}.AppStore|iPhoneSimulator.ActiveCfg = AppStore|iPhoneSimulator
		{33753DA9-4E8C-422A-B1B1-DC99231E2241}.AppStore|iPhoneSimulator.Build.0 = AppStore|iPhoneSimulator
		{33753DA9-4E8C-422A-B1B1-DC99231E2241}.AppStore|x64.ActiveCfg = AppStore|iPhone
		{33753DA9-4E8C-422A-B1B1-DC99231E2241}.AppStore|x86.ActiveCfg = AppStore|iPhone
		{33753DA9-4E8C-422A-B1B1-DC99231E2241}.Debug|Any CPU.ActiveCfg = Debug|iPhone
		{33753DA9-4E8C-422A-B1B1-DC99231E2241}.Debug|ARM.ActiveCfg = Debug|iPhone
		{33753DA9-4E8C-422A-B1B1-DC99231E2241}.Debug|iPhone.ActiveCfg = Debug|iPhone
		{33753DA9-4E8C-422A-B1B1-DC99231E2241}.Debug|iPhone.Build.0 = Debug|iPhone
		{33753DA9-4E8C-422A-B1B1-DC99231E2241}.Debug|iPhoneSimulator.ActiveCfg = Debug|iPhoneSimulator
		{33753DA9-4E8C-422A-B1B1-DC99231E2241}.Debug|iPhoneSimulator.Build.0 = Debug|iPhoneSimulator
		{33753DA9-4E8C-422A-B1B1-DC99231E2241}.Debug|x64.ActiveCfg = Debug|iPhone
		{33753DA9-4E8C-422A-B1B1-DC99231E2241}.Debug|x86.ActiveCfg = Debug|iPhone
		{33753DA9-4E8C-422A-B1B1-DC99231E2241}.Release|Any CPU.ActiveCfg = Release|iPhone
		{33753DA9-4E8C-422A-B1B1-DC99231E2241}.Release|ARM.ActiveCfg = Release|iPhone
		{33753DA9-4E8C-422A-B1B1-DC99231E2241}.Release|iPhone.ActiveCfg = Release|iPhone
		{33753DA9-4E8C-422A-B1B1-DC99231E2241}.Release|iPhone.Build.0 = Release|iPhone
		{33753DA9-4E8C-422A-B1B1-DC99231E2241}.Release|iPhoneSimulator.ActiveCfg = Release|iPhoneSimulator
		{33753DA9-4E8C-422A-B1B1-DC99231E2241}.Release|iPhoneSimulator.Build.0 = Release|iPhoneSimulator
		{33753DA9-4E8C-422A-B1B1-DC99231E2241}.Release|x64.ActiveCfg = Release|iPhone
		{33753DA9-4E8C-422A-B1B1-DC99231E2241}.Release|x86.ActiveCfg = Release|iPhone
		{BDA2A9A2-DBE0-4355-AE47-0B90B68DAC2B}.Ad-Hoc|Any CPU.ActiveCfg = Release|Any CPU
		{BDA2A9A2-DBE0-4355-AE47-0B90B68DAC2B}.Ad-Hoc|Any CPU.Build.0 = Release|Any CPU
		{BDA2A9A2-DBE0-4355-AE47-0B90B68DAC2B}.Ad-Hoc|Any CPU.Deploy.0 = Release|Any CPU
		{BDA2A9A2-DBE0-4355-AE47-0B90B68DAC2B}.Ad-Hoc|ARM.ActiveCfg = Release|Any CPU
		{BDA2A9A2-DBE0-4355-AE47-0B90B68DAC2B}.Ad-Hoc|ARM.Build.0 = Release|Any CPU
		{BDA2A9A2-DBE0-4355-AE47-0B90B68DAC2B}.Ad-Hoc|ARM.Deploy.0 = Release|Any CPU
		{BDA2A9A2-DBE0-4355-AE47-0B90B68DAC2B}.Ad-Hoc|iPhone.ActiveCfg = Release|Any CPU
		{BDA2A9A2-DBE0-4355-AE47-0B90B68DAC2B}.Ad-Hoc|iPhone.Build.0 = Release|Any CPU
		{BDA2A9A2-DBE0-4355-AE47-0B90B68DAC2B}.Ad-Hoc|iPhone.Deploy.0 = Release|Any CPU
		{BDA2A9A2-DBE0-4355-AE47-0B90B68DAC2B}.Ad-Hoc|iPhoneSimulator.ActiveCfg = Release|Any CPU
		{BDA2A9A2-DBE0-4355-AE47-0B90B68DAC2B}.Ad-Hoc|iPhoneSimulator.Build.0 = Release|Any CPU
		{BDA2A9A2-DBE0-4355-AE47-0B90B68DAC2B}.Ad-Hoc|iPhoneSimulator.Deploy.0 = Release|Any CPU
		{BDA2A9A2-DBE0-4355-AE47-0B90B68DAC2B}.Ad-Hoc|x64.ActiveCfg = Release|Any CPU
		{BDA2A9A2-DBE0-4355-AE47-0B90B68DAC2B}.Ad-Hoc|x64.Build.0 = Release|Any CPU
		{BDA2A9A2-DBE0-4355-AE47-0B90B68DAC2B}.Ad-Hoc|x64.Deploy.0 = Release|Any CPU
		{BDA2A9A2-DBE0-4355-AE47-0B90B68DAC2B}.Ad-Hoc|x86.ActiveCfg = Release|Any CPU
		{BDA2A9A2-DBE0-4355-AE47-0B90B68DAC2B}.Ad-Hoc|x86.Build.0 = Release|Any CPU
		{BDA2A9A2-DBE0-4355-AE47-0B90B68DAC2B}.Ad-Hoc|x86.Deploy.0 = Release|Any CPU
		{BDA2A9A2-DBE0-4355-AE47-0B90B68DAC2B}.AppStore|Any CPU.ActiveCfg = Release|Any CPU
		{BDA2A9A2-DBE0-4355-AE47-0B90B68DAC2B}.AppStore|Any CPU.Build.0 = Release|Any CPU
		{BDA2A9A2-DBE0-4355-AE47-0B90B68DAC2B}.AppStore|Any CPU.Deploy.0 = Release|Any CPU
		{BDA2A9A2-DBE0-4355-AE47-0B90B68DAC2B}.AppStore|ARM.ActiveCfg = Release|Any CPU
		{BDA2A9A2-DBE0-4355-AE47-0B90B68DAC2B}.AppStore|ARM.Build.0 = Release|Any CPU
		{BDA2A9A2-DBE0-4355-AE47-0B90B68DAC2B}.AppStore|ARM.Deploy.0 = Release|Any CPU
		{BDA2A9A2-DBE0-4355-AE47-0B90B68DAC2B}.AppStore|iPhone.ActiveCfg = Release|Any CPU
		{BDA2A9A2-DBE0-4355-AE47-0B90B68DAC2B}.AppStore|iPhone.Build.0 = Release|Any CPU
		{BDA2A9A2-DBE0-4355-AE47-0B90B68DAC2B}.AppStore|iPhone.Deploy.0 = Release|Any CPU
		{BDA2A9A2-DBE0-4355-AE47-0B90B68DAC2B}.AppStore|iPhoneSimulator.ActiveCfg = Release|Any CPU
		{BDA2A9A2-DBE0-4355-AE47-0B90B68DAC2B}.AppStore|iPhoneSimulator.Build.0 = Release|Any CPU
		{BDA2A9A2-DBE0-4355-AE47-0B90B68DAC2B}.AppStore|iPhoneSimulator.Deploy.0 = Release|Any CPU
		{BDA2A9A2-DBE0-4355-AE47-0B90B68DAC2B}.AppStore|x64.ActiveCfg = Release|Any CPU
		{BDA2A9A2-DBE0-4355-AE47-0B90B68DAC2B}.AppStore|x64.Build.0 = Release|Any CPU
		{BDA2A9A2-DBE0-4355-AE47-0B90B68DAC2B}.AppStore|x64.Deploy.0 = Release|Any CPU
		{BDA2A9A2-DBE0-4355-AE47-0B90B68DAC2B}.AppStore|x86.ActiveCfg = Release|Any CPU
		{BDA2A9A2-DBE0-4355-AE47-0B90B68DAC2B}.AppStore|x86.Build.0 = Release|Any CPU
		{BDA2A9A2-DBE0-4355-AE47-0B90B68DAC2B}.AppStore|x86.Deploy.0 = Release|Any CPU
		{BDA2A9A2-DBE0-4355-AE47-0B90B68DAC2B}.Debug|Any CPU.ActiveCfg = Debug|Any CPU
		{BDA2A9A2-DBE0-4355-AE47-0B90B68DAC2B}.Debug|Any CPU.Build.0 = Debug|Any CPU
		{BDA2A9A2-DBE0-4355-AE47-0B90B68DAC2B}.Debug|Any CPU.Deploy.0 = Debug|Any CPU
		{BDA2A9A2-DBE0-4355-AE47-0B90B68DAC2B}.Debug|ARM.ActiveCfg = Debug|Any CPU
		{BDA2A9A2-DBE0-4355-AE47-0B90B68DAC2B}.Debug|ARM.Build.0 = Debug|Any CPU
		{BDA2A9A2-DBE0-4355-AE47-0B90B68DAC2B}.Debug|ARM.Deploy.0 = Debug|Any CPU
		{BDA2A9A2-DBE0-4355-AE47-0B90B68DAC2B}.Debug|iPhone.ActiveCfg = Debug|Any CPU
		{BDA2A9A2-DBE0-4355-AE47-0B90B68DAC2B}.Debug|iPhone.Build.0 = Debug|Any CPU
		{BDA2A9A2-DBE0-4355-AE47-0B90B68DAC2B}.Debug|iPhone.Deploy.0 = Debug|Any CPU
		{BDA2A9A2-DBE0-4355-AE47-0B90B68DAC2B}.Debug|iPhoneSimulator.ActiveCfg = Debug|Any CPU
		{BDA2A9A2-DBE0-4355-AE47-0B90B68DAC2B}.Debug|iPhoneSimulator.Build.0 = Debug|Any CPU
		{BDA2A9A2-DBE0-4355-AE47-0B90B68DAC2B}.Debug|iPhoneSimulator.Deploy.0 = Debug|Any CPU
		{BDA2A9A2-DBE0-4355-AE47-0B90B68DAC2B}.Debug|x64.ActiveCfg = Debug|Any CPU
		{BDA2A9A2-DBE0-4355-AE47-0B90B68DAC2B}.Debug|x64.Build.0 = Debug|Any CPU
		{BDA2A9A2-DBE0-4355-AE47-0B90B68DAC2B}.Debug|x64.Deploy.0 = Debug|Any CPU
		{BDA2A9A2-DBE0-4355-AE47-0B90B68DAC2B}.Debug|x86.ActiveCfg = Debug|Any CPU
		{BDA2A9A2-DBE0-4355-AE47-0B90B68DAC2B}.Debug|x86.Build.0 = Debug|Any CPU
		{BDA2A9A2-DBE0-4355-AE47-0B90B68DAC2B}.Debug|x86.Deploy.0 = Debug|Any CPU
		{BDA2A9A2-DBE0-4355-AE47-0B90B68DAC2B}.Release|Any CPU.ActiveCfg = Release|Any CPU
		{BDA2A9A2-DBE0-4355-AE47-0B90B68DAC2B}.Release|Any CPU.Build.0 = Release|Any CPU
		{BDA2A9A2-DBE0-4355-AE47-0B90B68DAC2B}.Release|Any CPU.Deploy.0 = Release|Any CPU
		{BDA2A9A2-DBE0-4355-AE47-0B90B68DAC2B}.Release|ARM.ActiveCfg = Release|Any CPU
		{BDA2A9A2-DBE0-4355-AE47-0B90B68DAC2B}.Release|ARM.Build.0 = Release|Any CPU
		{BDA2A9A2-DBE0-4355-AE47-0B90B68DAC2B}.Release|ARM.Deploy.0 = Release|Any CPU
		{BDA2A9A2-DBE0-4355-AE47-0B90B68DAC2B}.Release|iPhone.ActiveCfg = Release|Any CPU
		{BDA2A9A2-DBE0-4355-AE47-0B90B68DAC2B}.Release|iPhone.Build.0 = Release|Any CPU
		{BDA2A9A2-DBE0-4355-AE47-0B90B68DAC2B}.Release|iPhone.Deploy.0 = Release|Any CPU
		{BDA2A9A2-DBE0-4355-AE47-0B90B68DAC2B}.Release|iPhoneSimulator.ActiveCfg = Release|Any CPU
		{BDA2A9A2-DBE0-4355-AE47-0B90B68DAC2B}.Release|iPhoneSimulator.Build.0 = Release|Any CPU
		{BDA2A9A2-DBE0-4355-AE47-0B90B68DAC2B}.Release|iPhoneSimulator.Deploy.0 = Release|Any CPU
		{BDA2A9A2-DBE0-4355-AE47-0B90B68DAC2B}.Release|x64.ActiveCfg = Release|Any CPU
		{BDA2A9A2-DBE0-4355-AE47-0B90B68DAC2B}.Release|x64.Build.0 = Release|Any CPU
		{BDA2A9A2-DBE0-4355-AE47-0B90B68DAC2B}.Release|x64.Deploy.0 = Release|Any CPU
		{BDA2A9A2-DBE0-4355-AE47-0B90B68DAC2B}.Release|x86.ActiveCfg = Release|Any CPU
		{BDA2A9A2-DBE0-4355-AE47-0B90B68DAC2B}.Release|x86.Build.0 = Release|Any CPU
		{BDA2A9A2-DBE0-4355-AE47-0B90B68DAC2B}.Release|x86.Deploy.0 = Release|Any CPU
		{3776961B-1A73-40E9-A180-F086EBC82FA9}.Ad-Hoc|Any CPU.ActiveCfg = Release|x86
		{3776961B-1A73-40E9-A180-F086EBC82FA9}.Ad-Hoc|Any CPU.Build.0 = Release|x86
		{3776961B-1A73-40E9-A180-F086EBC82FA9}.Ad-Hoc|Any CPU.Deploy.0 = Release|x86
		{3776961B-1A73-40E9-A180-F086EBC82FA9}.Ad-Hoc|ARM.ActiveCfg = Release|ARM
		{3776961B-1A73-40E9-A180-F086EBC82FA9}.Ad-Hoc|ARM.Build.0 = Release|ARM
		{3776961B-1A73-40E9-A180-F086EBC82FA9}.Ad-Hoc|ARM.Deploy.0 = Release|ARM
		{3776961B-1A73-40E9-A180-F086EBC82FA9}.Ad-Hoc|iPhone.ActiveCfg = Release|x86
		{3776961B-1A73-40E9-A180-F086EBC82FA9}.Ad-Hoc|iPhone.Build.0 = Release|x86
		{3776961B-1A73-40E9-A180-F086EBC82FA9}.Ad-Hoc|iPhone.Deploy.0 = Release|x86
		{3776961B-1A73-40E9-A180-F086EBC82FA9}.Ad-Hoc|iPhoneSimulator.ActiveCfg = Release|x86
		{3776961B-1A73-40E9-A180-F086EBC82FA9}.Ad-Hoc|iPhoneSimulator.Build.0 = Release|x86
		{3776961B-1A73-40E9-A180-F086EBC82FA9}.Ad-Hoc|iPhoneSimulator.Deploy.0 = Release|x86
		{3776961B-1A73-40E9-A180-F086EBC82FA9}.Ad-Hoc|x64.ActiveCfg = Release|x64
		{3776961B-1A73-40E9-A180-F086EBC82FA9}.Ad-Hoc|x64.Build.0 = Release|x64
		{3776961B-1A73-40E9-A180-F086EBC82FA9}.Ad-Hoc|x64.Deploy.0 = Release|x64
		{3776961B-1A73-40E9-A180-F086EBC82FA9}.Ad-Hoc|x86.ActiveCfg = Release|x86
		{3776961B-1A73-40E9-A180-F086EBC82FA9}.Ad-Hoc|x86.Build.0 = Release|x86
		{3776961B-1A73-40E9-A180-F086EBC82FA9}.Ad-Hoc|x86.Deploy.0 = Release|x86
		{3776961B-1A73-40E9-A180-F086EBC82FA9}.AppStore|Any CPU.ActiveCfg = Release|x86
		{3776961B-1A73-40E9-A180-F086EBC82FA9}.AppStore|Any CPU.Build.0 = Release|x86
		{3776961B-1A73-40E9-A180-F086EBC82FA9}.AppStore|Any CPU.Deploy.0 = Release|x86
		{3776961B-1A73-40E9-A180-F086EBC82FA9}.AppStore|ARM.ActiveCfg = Release|ARM
		{3776961B-1A73-40E9-A180-F086EBC82FA9}.AppStore|ARM.Build.0 = Release|ARM
		{3776961B-1A73-40E9-A180-F086EBC82FA9}.AppStore|ARM.Deploy.0 = Release|ARM
		{3776961B-1A73-40E9-A180-F086EBC82FA9}.AppStore|iPhone.ActiveCfg = Release|x86
		{3776961B-1A73-40E9-A180-F086EBC82FA9}.AppStore|iPhone.Build.0 = Release|x86
		{3776961B-1A73-40E9-A180-F086EBC82FA9}.AppStore|iPhone.Deploy.0 = Release|x86
		{3776961B-1A73-40E9-A180-F086EBC82FA9}.AppStore|iPhoneSimulator.ActiveCfg = Release|x86
		{3776961B-1A73-40E9-A180-F086EBC82FA9}.AppStore|iPhoneSimulator.Build.0 = Release|x86
		{3776961B-1A73-40E9-A180-F086EBC82FA9}.AppStore|iPhoneSimulator.Deploy.0 = Release|x86
		{3776961B-1A73-40E9-A180-F086EBC82FA9}.AppStore|x64.ActiveCfg = Release|x64
		{3776961B-1A73-40E9-A180-F086EBC82FA9}.AppStore|x64.Build.0 = Release|x64
		{3776961B-1A73-40E9-A180-F086EBC82FA9}.AppStore|x64.Deploy.0 = Release|x64
		{3776961B-1A73-40E9-A180-F086EBC82FA9}.AppStore|x86.ActiveCfg = Release|x86
		{3776961B-1A73-40E9-A180-F086EBC82FA9}.AppStore|x86.Build.0 = Release|x86
		{3776961B-1A73-40E9-A180-F086EBC82FA9}.AppStore|x86.Deploy.0 = Release|x86
		{3776961B-1A73-40E9-A180-F086EBC82FA9}.Debug|Any CPU.ActiveCfg = Debug|x86
		{3776961B-1A73-40E9-A180-F086EBC82FA9}.Debug|ARM.ActiveCfg = Debug|ARM
		{3776961B-1A73-40E9-A180-F086EBC82FA9}.Debug|ARM.Build.0 = Debug|ARM
		{3776961B-1A73-40E9-A180-F086EBC82FA9}.Debug|ARM.Deploy.0 = Debug|ARM
		{3776961B-1A73-40E9-A180-F086EBC82FA9}.Debug|iPhone.ActiveCfg = Debug|x86
		{3776961B-1A73-40E9-A180-F086EBC82FA9}.Debug|iPhoneSimulator.ActiveCfg = Debug|x86
		{3776961B-1A73-40E9-A180-F086EBC82FA9}.Debug|x64.ActiveCfg = Debug|x64
		{3776961B-1A73-40E9-A180-F086EBC82FA9}.Debug|x64.Build.0 = Debug|x64
		{3776961B-1A73-40E9-A180-F086EBC82FA9}.Debug|x64.Deploy.0 = Debug|x64
		{3776961B-1A73-40E9-A180-F086EBC82FA9}.Debug|x86.ActiveCfg = Debug|x86
		{3776961B-1A73-40E9-A180-F086EBC82FA9}.Debug|x86.Build.0 = Debug|x86
		{3776961B-1A73-40E9-A180-F086EBC82FA9}.Debug|x86.Deploy.0 = Debug|x86
		{3776961B-1A73-40E9-A180-F086EBC82FA9}.Release|Any CPU.ActiveCfg = Release|x86
		{3776961B-1A73-40E9-A180-F086EBC82FA9}.Release|ARM.ActiveCfg = Release|ARM
		{3776961B-1A73-40E9-A180-F086EBC82FA9}.Release|ARM.Build.0 = Release|ARM
		{3776961B-1A73-40E9-A180-F086EBC82FA9}.Release|ARM.Deploy.0 = Release|ARM
		{3776961B-1A73-40E9-A180-F086EBC82FA9}.Release|iPhone.ActiveCfg = Release|x86
		{3776961B-1A73-40E9-A180-F086EBC82FA9}.Release|iPhoneSimulator.ActiveCfg = Release|x86
		{3776961B-1A73-40E9-A180-F086EBC82FA9}.Release|x64.ActiveCfg = Release|x64
		{3776961B-1A73-40E9-A180-F086EBC82FA9}.Release|x64.Build.0 = Release|x64
		{3776961B-1A73-40E9-A180-F086EBC82FA9}.Release|x64.Deploy.0 = Release|x64
		{3776961B-1A73-40E9-A180-F086EBC82FA9}.Release|x86.ActiveCfg = Release|x86
		{3776961B-1A73-40E9-A180-F086EBC82FA9}.Release|x86.Build.0 = Release|x86
		{3776961B-1A73-40E9-A180-F086EBC82FA9}.Release|x86.Deploy.0 = Release|x86
	EndGlobalSection
	GlobalSection(SolutionProperties) = preSolution
		HideSolutionNode = FALSE
	EndGlobalSection
	GlobalSection(ExtensibilityGlobals) = postSolution
		SolutionGuid = {F6D05029-56B8-4E45-AF2D-0E76295DDBA2}
	EndGlobalSection
EndGlobal
